
Microsoft Visual Studio Solution File, Format Version 12.00
# Visual Studio Version 17
VisualStudioVersion = 17.5.002.0
MinimumVisualStudioVersion = 10.0.40219.1
Project("{9A19103F-16F7-4668-BE54-9A1E7A4F7556}") = "DesafioTDD", "src\DesafioTDD.csproj", "{A0867386-45FD-4198-8208-311D28D55F27}"
EndProject
Project("{FAE04EC0-301F-11D3-BF4B-00C04F79EFBC}") = "tests", "tests\tests.csproj", "{A2A5195D-87F9-4026-AE8E-E5B1BB2E215B}"
EndProject
Global
	GlobalSection(SolutionConfigurationPlatforms) = preSolution
		Debug|Any CPU = Debug|Any CPU
		Release|Any CPU = Release|Any CPU
	EndGlobalSection
	GlobalSection(ProjectConfigurationPlatforms) = postSolution
		{A0867386-45FD-4198-8208-311D28D55F27}.Debug|Any CPU.ActiveCfg = Debug|Any CPU
		{A0867386-45FD-4198-8208-311D28D55F27}.Debug|Any CPU.Build.0 = Debug|Any CPU
		{A0867386-45FD-4198-8208-311D28D55F27}.Release|Any CPU.ActiveCfg = Release|Any CPU
		{A0867386-45FD-4198-8208-311D28D55F27}.Release|Any CPU.Build.0 = Release|Any CPU
		{A2A5195D-87F9-4026-AE8E-E5B1BB2E215B}.Debug|Any CPU.ActiveCfg = Debug|Any CPU
		{A2A5195D-87F9-4026-AE8E-E5B1BB2E215B}.Debug|Any CPU.Build.0 = Debug|Any CPU
		{A2A5195D-87F9-4026-AE8E-E5B1BB2E215B}.Release|Any CPU.ActiveCfg = Release|Any CPU
		{A2A5195D-87F9-4026-AE8E-E5B1BB2E215B}.Release|Any CPU.Build.0 = Release|Any CPU
	EndGlobalSection
	GlobalSection(SolutionProperties) = preSolution
		HideSolutionNode = FALSE
	EndGlobalSection
	GlobalSection(ExtensibilityGlobals) = postSolution
		SolutionGuid = {7AF13E30-1C08-4FA7-B434-836EA9633454}
	EndGlobalSection
EndGlobal
